// !$*UTF8*$!
{
	archiveVersion = 1;
	classes = {
	};
	objectVersion = 46;
	objects = {

/* Begin PBXBuildFile section */
		E1A7D8701B442EEA00B9A5CC /* AppDelegate.swift in Sources */ = {isa = PBXBuildFile; fileRef = E1A7D86F1B442EEA00B9A5CC /* AppDelegate.swift */; };
		E1A7D8721B442EEA00B9A5CC /* ViewController.swift in Sources */ = {isa = PBXBuildFile; fileRef = E1A7D8711B442EEA00B9A5CC /* ViewController.swift */; };
		E1A7D8751B442EEA00B9A5CC /* Main.storyboard in Resources */ = {isa = PBXBuildFile; fileRef = E1A7D8731B442EEA00B9A5CC /* Main.storyboard */; };
		E1A7D8771B442EEA00B9A5CC /* Images.xcassets in Resources */ = {isa = PBXBuildFile; fileRef = E1A7D8761B442EEA00B9A5CC /* Images.xcassets */; };
		E1A7D87A1B442EEA00B9A5CC /* LaunchScreen.xib in Resources */ = {isa = PBXBuildFile; fileRef = E1A7D8781B442EEA00B9A5CC /* LaunchScreen.xib */; };
		E1A7D8861B442EEA00B9A5CC /* namingPicturesTests.swift in Sources */ = {isa = PBXBuildFile; fileRef = E1A7D8851B442EEA00B9A5CC /* namingPicturesTests.swift */; };
/* End PBXBuildFile section */

/* Begin PBXContainerItemProxy section */
		E1A7D8801B442EEA00B9A5CC /* PBXContainerItemProxy */ = {
			isa = PBXContainerItemProxy;
			containerPortal = E1A7D8621B442EEA00B9A5CC /* Project object */;
			proxyType = 1;
			remoteGlobalIDString = E1A7D8691B442EEA00B9A5CC;
			remoteInfo = namingPictures;
		};
/* End PBXContainerItemProxy section */

/* Begin PBXFileReference section */
		E1A7D86A1B442EEA00B9A5CC /* namingPictures.app */ = {isa = PBXFileReference; explicitFileType = wrapper.application; includeInIndex = 0; path = namingPictures.app; sourceTree = BUILT_PRODUCTS_DIR; };
		E1A7D86E1B442EEA00B9A5CC /* Info.plist */ = {isa = PBXFileReference; lastKnownFileType = text.plist.xml; path = Info.plist; sourceTree = "<group>"; };
		E1A7D86F1B442EEA00B9A5CC /* AppDelegate.swift */ = {isa = PBXFileReference; lastKnownFileType = sourcecode.swift; path = AppDelegate.swift; sourceTree = "<group>"; };
		E1A7D8711B442EEA00B9A5CC /* ViewController.swift */ = {isa = PBXFileReference; lastKnownFileType = sourcecode.swift; path = ViewController.swift; sourceTree = "<group>"; };
		E1A7D8741B442EEA00B9A5CC /* Base */ = {isa = PBXFileReference; lastKnownFileType = file.storyboard; name = Base; path = Base.lproj/Main.storyboard; sourceTree = "<group>"; };
		E1A7D8761B442EEA00B9A5CC /* Images.xcassets */ = {isa = PBXFileReference; lastKnownFileType = folder.assetcatalog; path = Images.xcassets; sourceTree = "<group>"; };
		E1A7D8791B442EEA00B9A5CC /* Base */ = {isa = PBXFileReference; lastKnownFileType = file.xib; name = Base; path = Base.lproj/LaunchScreen.xib; sourceTree = "<group>"; };
		E1A7D87F1B442EEA00B9A5CC /* namingPicturesTests.xctest */ = {isa = PBXFileReference; explicitFileType = wrapper.cfbundle; includeInIndex = 0; path = namingPicturesTests.xctest; sourceTree = BUILT_PRODUCTS_DIR; };
		E1A7D8841B442EEA00B9A5CC /* Info.plist */ = {isa = PBXFileReference; lastKnownFileType = text.plist.xml; path = Info.plist; sourceTree = "<group>"; };
		E1A7D8851B442EEA00B9A5CC /* namingPicturesTests.swift */ = {isa = PBXFileReference; lastKnownFileType = sourcecode.swift; path = namingPicturesTests.swift; sourceTree = "<group>"; };
/* End PBXFileReference section */

/* Begin PBXFrameworksBuildPhase section */
		E1A7D8671B442EEA00B9A5CC /* Frameworks */ = {
			isa = PBXFrameworksBuildPhase;
			buildActionMask = 2147483647;
			files = (
			);
			runOnlyForDeploymentPostprocessing = 0;
		};
		E1A7D87C1B442EEA00B9A5CC /* Frameworks */ = {
			isa = PBXFrameworksBuildPhase;
			buildActionMask = 2147483647;
			files = (
			);
			runOnlyForDeploymentPostprocessing = 0;
		};
/* End PBXFrameworksBuildPhase section */

/* Begin PBXGroup section */
		E1A7D8611B442EE900B9A5CC = {
			isa = PBXGroup;
			children = (
				E1A7D86C1B442EEA00B9A5CC /* namingPictures */,
				E1A7D8821B442EEA00B9A5CC /* namingPicturesTests */,
				E1A7D86B1B442EEA00B9A5CC /* Products */,
			);
			sourceTree = "<group>";
		};
		E1A7D86B1B442EEA00B9A5CC /* Products */ = {
			isa = PBXGroup;
			children = (
				E1A7D86A1B442EEA00B9A5CC /* namingPictures.app */,
				E1A7D87F1B442EEA00B9A5CC /* namingPicturesTests.xctest */,
			);
			name = Products;
			sourceTree = "<group>";
		};
		E1A7D86C1B442EEA00B9A5CC /* namingPictures */ = {
			isa = PBXGroup;
			children = (
				E1A7D86F1B442EEA00B9A5CC /* AppDelegate.swift */,
				E1A7D8711B442EEA00B9A5CC /* ViewController.swift */,
				E1A7D8731B442EEA00B9A5CC /* Main.storyboard */,
				E1A7D8761B442EEA00B9A5CC /* Images.xcassets */,
				E1A7D8781B442EEA00B9A5CC /* LaunchScreen.xib */,
				E1A7D86D1B442EEA00B9A5CC /* Supporting Files */,
			);
			path = namingPictures;
			sourceTree = "<group>";
		};
		E1A7D86D1B442EEA00B9A5CC /* Supporting Files */ = {
			isa = PBXGroup;
			children = (
				E1A7D86E1B442EEA00B9A5CC /* Info.plist */,
			);
			name = "Supporting Files";
			sourceTree = "<group>";
		};
		E1A7D8821B442EEA00B9A5CC /* namingPicturesTests */ = {
			isa = PBXGroup;
			children = (
				E1A7D8851B442EEA00B9A5CC /* namingPicturesTests.swift */,
				E1A7D8831B442EEA00B9A5CC /* Supporting Files */,
			);
			path = namingPicturesTests;
			sourceTree = "<group>";
		};
		E1A7D8831B442EEA00B9A5CC /* Supporting Files */ = {
			isa = PBXGroup;
			children = (
				E1A7D8841B442EEA00B9A5CC /* Info.plist */,
			);
			name = "Supporting Files";
			sourceTree = "<group>";
		};
/* End PBXGroup section */

/* Begin PBXNativeTarget section */
		E1A7D8691B442EEA00B9A5CC /* namingPictures */ = {
			isa = PBXNativeTarget;
			buildConfigurationList = E1A7D8891B442EEA00B9A5CC /* Build configuration list for PBXNativeTarget "namingPictures" */;
			buildPhases = (
				E1A7D8661B442EEA00B9A5CC /* Sources */,
				E1A7D8671B442EEA00B9A5CC /* Frameworks */,
				E1A7D8681B442EEA00B9A5CC /* Resources */,
			);
			buildRules = (
			);
			dependencies = (
			);
			name = namingPictures;
			productName = namingPictures;
			productReference = E1A7D86A1B442EEA00B9A5CC /* namingPictures.app */;
			productType = "com.apple.product-type.application";
		};
		E1A7D87E1B442EEA00B9A5CC /* namingPicturesTests */ = {
			isa = PBXNativeTarget;
			buildConfigurationList = E1A7D88C1B442EEA00B9A5CC /* Build configuration list for PBXNativeTarget "namingPicturesTests" */;
			buildPhases = (
				E1A7D87B1B442EEA00B9A5CC /* Sources */,
				E1A7D87C1B442EEA00B9A5CC /* Frameworks */,
				E1A7D87D1B442EEA00B9A5CC /* Resources */,
			);
			buildRules = (
			);
			dependencies = (
				E1A7D8811B442EEA00B9A5CC /* PBXTargetDependency */,
			);
			name = namingPicturesTests;
			productName = namingPicturesTests;
			productReference = E1A7D87F1B442EEA00B9A5CC /* namingPicturesTests.xctest */;
			productType = "com.apple.product-type.bundle.unit-test";
		};
/* End PBXNativeTarget section */

/* Begin PBXProject section */
		E1A7D8621B442EEA00B9A5CC /* Project object */ = {
			isa = PBXProject;
			attributes = {
				LastUpgradeCheck = 0630;
				ORGANIZATIONNAME = sunspot;
				TargetAttributes = {
					E1A7D8691B442EEA00B9A5CC = {
						CreatedOnToolsVersion = 6.3.2;
					};
					E1A7D87E1B442EEA00B9A5CC = {
						CreatedOnToolsVersion = 6.3.2;
						TestTargetID = E1A7D8691B442EEA00B9A5CC;
					};
				};
			};
			buildConfigurationList = E1A7D8651B442EEA00B9A5CC /* Build configuration list for PBXProject "namingPictures" */;
			compatibilityVersion = "Xcode 3.2";
			developmentRegion = English;
			hasScannedForEncodings = 0;
			knownRegions = (
				en,
				Base,
			);
			mainGroup = E1A7D8611B442EE900B9A5CC;
			productRefGroup = E1A7D86B1B442EEA00B9A5CC /* Products */;
			projectDirPath = "";
			projectRoot = "";
			targets = (
				E1A7D8691B442EEA00B9A5CC /* namingPictures */,
				E1A7D87E1B442EEA00B9A5CC /* namingPicturesTests */,
			);
		};
/* End PBXProject section */

/* Begin PBXResourcesBuildPhase section */
		E1A7D8681B442EEA00B9A5CC /* Resources */ = {
			isa = PBXResourcesBuildPhase;
			buildActionMask = 2147483647;
			files = (
				E1A7D8751B442EEA00B9A5CC /* Main.storyboard in Resources */,
				E1A7D87A1B442EEA00B9A5CC /* LaunchScreen.xib in Resources */,
				E1A7D8771B442EEA00B9A5CC /* Images.xcassets in Resources */,
			);
			runOnlyForDeploymentPostprocessing = 0;
		};
		E1A7D87D1B442EEA00B9A5CC /* Resources */ = {
			isa = PBXResourcesBuildPhase;
			buildActionMask = 2147483647;
			files = (
			);
			runOnlyForDeploymentPostprocessing = 0;
		};
/* End PBXResourcesBuildPhase section */

/* Begin PBXSourcesBuildPhase section */
		E1A7D8661B442EEA00B9A5CC /* Sources */ = {
			isa = PBXSourcesBuildPhase;
			buildActionMask = 2147483647;
			files = (
				E1A7D8721B442EEA00B9A5CC /* ViewController.swift in Sources */,
				E1A7D8701B442EEA00B9A5CC /* AppDelegate.swift in Sources */,
			);
			runOnlyForDeploymentPostprocessing = 0;
		};
		E1A7D87B1B442EEA00B9A5CC /* Sources */ = {
			isa = PBXSourcesBuildPhase;
			buildActionMask = 2147483647;
			files = (
				E1A7D8861B442EEA00B9A5CC /* namingPicturesTests.swift in Sources */,
			);
			runOnlyForDeploymentPostprocessing = 0;
		};
/* End PBXSourcesBuildPhase section */

/* Begin PBXTargetDependency section */
		E1A7D8811B442EEA00B9A5CC /* PBXTargetDependency */ = {
			isa = PBXTargetDependency;
			target = E1A7D8691B442EEA00B9A5CC /* namingPictures */;
			targetProxy = E1A7D8801B442EEA00B9A5CC /* PBXContainerItemProxy */;
		};
/* End PBXTargetDependency section */

/* Begin PBXVariantGroup section */
		E1A7D8731B442EEA00B9A5CC /* Main.storyboard */ = {
			isa = PBXVariantGroup;
			children = (
				E1A7D8741B442EEA00B9A5CC /* Base */,
			);
			name = Main.storyboard;
			sourceTree = "<group>";
		};
		E1A7D8781B442EEA00B9A5CC /* LaunchScreen.xib */ = {
			isa = PBXVariantGroup;
			children = (
				E1A7D8791B442EEA00B9A5CC /* Base */,
			);
			name = LaunchScreen.xib;
			sourceTree = "<group>";
		};
/* End PBXVariantGroup section */

/* Begin XCBuildConfiguration section */
		E1A7D8871B442EEA00B9A5CC /* Debug */ = {
			isa = XCBuildConfiguration;
			buildSettings = {
				ALWAYS_SEARCH_USER_PATHS = NO;
				CLANG_CXX_LANGUAGE_STANDARD = "gnu++0x";
				CLANG_CXX_LIBRARY = "libc++";
				CLANG_ENABLE_MODULES = YES;
				CLANG_ENABLE_OBJC_ARC = YES;
				CLANG_WARN_BOOL_CONVERSION = YES;
				CLANG_WARN_CONSTANT_CONVERSION = YES;
				CLANG_WARN_DIRECT_OBJC_ISA_USAGE = YES_ERROR;
				CLANG_WARN_EMPTY_BODY = YES;
				CLANG_WARN_ENUM_CONVERSION = YES;
				CLANG_WARN_INT_CONVERSION = YES;
				CLANG_WARN_OBJC_ROOT_CLASS = YES_ERROR;
				CLANG_WARN_UNREACHABLE_CODE = YES;
				CLANG_WARN__DUPLICATE_METHOD_MATCH = YES;
				"CODE_SIGN_IDENTITY[sdk=iphoneos*]" = "iPhone Developer";
				COPY_PHASE_STRIP = NO;
				DEBUG_INFORMATION_FORMAT = "dwarf-with-dsym";
				ENABLE_STRICT_OBJC_MSGSEND = YES;
				GCC_C_LANGUAGE_STANDARD = gnu99;
				GCC_DYNAMIC_NO_PIC = NO;
				GCC_NO_COMMON_BLOCKS = YES;
				GCC_OPTIMIZATION_LEVEL = 0;
				GCC_PREPROCESSOR_DEFINITIONS = (
					"DEBUG=1",
					"$(inherited)",
				);
				GCC_SYMBOLS_PRIVATE_EXTERN = NO;
				GCC_WARN_64_TO_32_BIT_CONVERSION = YES;
				GCC_WARN_ABOUT_RETURN_TYPE = YES_ERROR;
				GCC_WARN_UNDECLARED_SELECTOR = YES;
				GCC_WARN_UNINITIALIZED_AUTOS = YES_AGGRESSIVE;
				GCC_WARN_UNUSED_FUNCTION = YES;
				GCC_WARN_UNUSED_VARIABLE = YES;
				IPHONEOS_DEPLOYMENT_TARGET = 8.3;
				MTL_ENABLE_DEBUG_INFO = YES;
				ONLY_ACTIVE_ARCH = YES;
				SDKROOT = iphoneos;
				SWIFT_OPTIMIZATION_LEVEL = "-Onone";
				TARGETED_DEVICE_FAMILY = "1,2";
			};
			name = Debug;
		};
		E1A7D8881B442EEA00B9A5CC /* Release */ = {
			isa = XCBuildConfiguration;
			buildSettings = {
				ALWAYS_SEARCH_USER_PATHS = NO;
				CLANG_CXX_LANGUAGE_STANDARD = "gnu++0x";
				CLANG_CXX_LIBRARY = "libc++";
				CLANG_ENABLE_MODULES = YES;
				CLANG_ENABLE_OBJC_ARC = YES;
				CLANG_WARN_BOOL_CONVERSION = YES;
				CLANG_WARN_CONSTANT_CONVERSION = YES;
				CLANG_WARN_DIRECT_OBJC_ISA_USAGE = YES_ERROR;
				CLANG_WARN_EMPTY_BODY = YES;
				CLANG_WARN_ENUM_CONVERSION = YES;
				CLANG_WARN_INT_CONVERSION = YES;
				CLANG_WARN_OBJC_ROOT_CLASS = YES_ERROR;
				CLANG_WARN_UNREACHABLE_CODE = YES;
				CLANG_WARN__DUPLICATE_METHOD_MATCH = YES;
				"CODE_SIGN_IDENTITY[sdk=iphoneos*]" = "iPhone Developer";
				COPY_PHASE_STRIP = NO;
				DEBUG_INFORMATION_FORMAT = "dwarf-with-dsym";
				ENABLE_NS_ASSERTIONS = NO;
				ENABLE_STRICT_OBJC_MSGSEND = YES;
				GCC_C_LANGUAGE_STANDARD = gnu99;
				GCC_NO_COMMON_BLOCKS = YES;
				GCC_WARN_64_TO_32_BIT_CONVERSION = YES;
				GCC_WARN_ABOUT_RETURN_TYPE = YES_ERROR;
				GCC_WARN_UNDECLARED_SELECTOR = YES;
				GCC_WARN_UNINITIALIZED_AUTOS = YES_AGGRESSIVE;
				GCC_WARN_UNUSED_FUNCTION = YES;
				GCC_WARN_UNUSED_VARIABLE = YES;
				IPHONEOS_DEPLOYMENT_TARGET = 8.3;
				MTL_ENABLE_DEBUG_INFO = NO;
				SDKROOT = iphoneos;
				TARGETED_DEVICE_FAMILY = "1,2";
				VALIDATE_PRODUCT = YES;
			};
			name = Release;
		};
		E1A7D88A1B442EEA00B9A5CC /* Debug */ = {
			isa = XCBuildConfiguration;
			buildSettings = {
				ASSETCATALOG_COMPILER_APPICON_NAME = AppIcon;
				INFOPLIST_FILE = namingPictures/Info.plist;
				LD_RUNPATH_SEARCH_PATHS = "$(inherited) @executable_path/Frameworks";
				PRODUCT_NAME = "$(TARGET_NAME)";
			};
			name = Debug;
		};
		E1A7D88B1B442EEA00B9A5CC /* Release */ = {
			isa = XCBuildConfiguration;
			buildSettings = {
				ASSETCATALOG_COMPILER_APPICON_NAME = AppIcon;
				INFOPLIST_FILE = namingPictures/Info.plist;
				LD_RUNPATH_SEARCH_PATHS = "$(inherited) @executable_path/Frameworks";
				PRODUCT_NAME = "$(TARGET_NAME)";
			};
			name = Release;
		};
		E1A7D88D1B442EEA00B9A5CC /* Debug */ = {
			isa = XCBuildConfiguration;
			buildSettings = {
				BUNDLE_LOADER = "$(TEST_HOST)";
				FRAMEWORK_SEARCH_PATHS = (
					"$(SDKROOT)/Developer/Library/Frameworks",
					"$(inherited)",
				);
				GCC_PREPROCESSOR_DEFINITIONS = (
					"DEBUG=1",
					"$(inherited)",
				);
				INFOPLIST_FILE = namingPicturesTests/Info.plist;
				LD_RUNPATH_SEARCH_PATHS = "$(inherited) @executable_path/Frameworks @loader_path/Frameworks";
				PRODUCT_NAME = "$(TARGET_NAME)";
				TEST_HOST = "$(BUILT_PRODUCTS_DIR)/namingPictures.app/namingPictures";
			};
			name = Debug;
		};
		E1A7D88E1B442EEA00B9A5CC /* Release */ = {
			isa = XCBuildConfiguration;
			buildSettings = {
				BUNDLE_LOADER = "$(TEST_HOST)";
				FRAMEWORK_SEARCH_PATHS = (
					"$(SDKROOT)/Developer/Library/Frameworks",
					"$(inherited)",
				);
				INFOPLIST_FILE = namingPicturesTests/Info.plist;
				LD_RUNPATH_SEARCH_PATHS = "$(inherited) @executable_path/Frameworks @loader_path/Frameworks";
				PRODUCT_NAME = "$(TARGET_NAME)";
				TEST_HOST = "$(BUILT_PRODUCTS_DIR)/namingPictures.app/namingPictures";
			};
			name = Release;
		};
/* End XCBuildConfiguration section */

/* Begin XCConfigurationList section */
		E1A7D8651B442EEA00B9A5CC /* Build configuration list for PBXProject "namingPictures" */ = {
			isa = XCConfigurationList;
			buildConfigurations = (
				E1A7D8871B442EEA00B9A5CC /* Debug */,
				E1A7D8881B442EEA00B9A5CC /* Release */,
			);
			defaultConfigurationIsVisible = 0;
			defaultConfigurationName = Release;
		};
		E1A7D8891B442EEA00B9A5CC /* Build configuration list for PBXNativeTarget "namingPictures" */ = {
			isa = XCConfigurationList;
			buildConfigurations = (
				E1A7D88A1B442EEA00B9A5CC /* Debug */,
				E1A7D88B1B442EEA00B9A5CC /* Release */,
			);
			defaultConfigurationIsVisible = 0;
		};
		E1A7D88C1B442EEA00B9A5CC /* Build configuration list for PBXNativeTarget "namingPicturesTests" */ = {
			isa = XCConfigurationList;
			buildConfigurations = (
				E1A7D88D1B442EEA00B9A5CC /* Debug */,
				E1A7D88E1B442EEA00B9A5CC /* Release */,
			);
			defaultConfigurationIsVisible = 0;
		};
/* End XCConfigurationList section */
	};
	rootObject = E1A7D8621B442EEA00B9A5CC /* Project object */;
}
